<?xml version="1.0" encoding="utf-8"?>
<Project xmlns="http://schemas.microsoft.com/developer/msbuild/2003">
  <ItemGroup>
    <Filter Include="Form Files">
      <UniqueIdentifier>{99349809-55BA-4b9d-BF79-8FDBB0286EB3}</UniqueIdentifier>
      <Extensions>ui</Extensions>
      <ParseFiles>false</ParseFiles>
    </Filter>
    <Filter Include="Form Files">
      <UniqueIdentifier>{99349809-55BA-4b9d-BF79-8FDBB0286EB3}</UniqueIdentifier>
      <Extensions>ui</Extensions>
      <ParseFiles>false</ParseFiles>
    </Filter>
    <Filter Include="Generated Files">
      <UniqueIdentifier>{71ED8ED8-ACB9-4CE9-BBE1-E00B30144E11}</UniqueIdentifier>
      <Extensions>cpp;c;cxx;moc;h;def;odl;idl;res;</Extensions>
    </Filter>
    <Filter Include="Generated Files">
      <UniqueIdentifier>{71ED8ED8-ACB9-4CE9-BBE1-E00B30144E11}</UniqueIdentifier>
      <Extensions>cpp;c;cxx;moc;h;def;odl;idl;res;</Extensions>
    </Filter>
    <Filter Include="Header Files">
      <UniqueIdentifier>{93995380-89BD-4b04-88EB-625FBE52EBFB}</UniqueIdentifier>
      <Extensions>h;hpp;hxx;hm;inl;inc;xsd</Extensions>
    </Filter>
    <Filter Include="Header Files">
      <UniqueIdentifier>{93995380-89BD-4b04-88EB-625FBE52EBFB}</UniqueIdentifier>
      <Extensions>h;hpp;hxx;hm;inl;inc;xsd</Extensions>
    </Filter>
    <Filter Include="Source Files">
      <UniqueIdentifier>{4FC737F1-C7A5-4376-A066-2A32D752A2FF}</UniqueIdentifier>
      <Extensions>cpp;c;cxx;def;odl;idl;hpj;bat;asm;asmx</Extensions>
    </Filter>
    <Filter Include="Source Files">
      <UniqueIdentifier>{4FC737F1-C7A5-4376-A066-2A32D752A2FF}</UniqueIdentifier>
      <Extensions>cpp;c;cxx;def;odl;idl;hpj;bat;asm;asmx</Extensions>
    </Filter>
    <Filter Include="Header Files\ui">
      <UniqueIdentifier>{dc0d09ad-139d-4b16-a81a-ff13d54d880f}</UniqueIdentifier>
    </Filter>
    <Filter Include="Source Files\ui">
      <UniqueIdentifier>{d56fdc8a-c42a-4683-9d53-c6002cdbb6ac}</UniqueIdentifier>
    </Filter>
    <Filter Include="Header Files\services">
      <UniqueIdentifier>{b46700a4-751f-4ae7-b98e-9c26cc9e7dc6}</UniqueIdentifier>
    </Filter>
    <Filter Include="Source Files\services">
      <UniqueIdentifier>{82cf2304-16b1-4ed0-a681-933e490fccc9}</UniqueIdentifier>
    </Filter>
    <Filter Include="Header Files\events">
      <UniqueIdentifier>{f0189497-1989-4f86-aa0c-894f797795b2}</UniqueIdentifier>
    </Filter>
    <Filter Include="Template Files">
      <UniqueIdentifier>{0e7a87a4-7391-4c18-8621-7f3889ee457f}</UniqueIdentifier>
    </Filter>
    <Filter Include="Template Files\events">
      <UniqueIdentifier>{f6a52e79-57d2-467c-94e2-79b2e236f845}</UniqueIdentifier>
    </Filter>
    <Filter Include="Header Files\streamdeck">
      <UniqueIdentifier>{e245bcce-e74b-4dc7-9807-096af894bcdc}</UniqueIdentifier>
    </Filter>
    <Filter Include="Source Files\streamdeck">
      <UniqueIdentifier>{0cd517b5-0c9e-406f-9dc3-f6c3cc2c010a}</UniqueIdentifier>
    </Filter>
    <Filter Include="Header Files\common">
      <UniqueIdentifier>{4a79f38f-e849-400e-b5ad-78a0ace00a72}</UniqueIdentifier>
    </Filter>
    <Filter Include="Template Files\services">
      <UniqueIdentifier>{4cc870bf-229f-4cd7-9e05-d6fb10c58e1f}</UniqueIdentifier>
    </Filter>
    <Filter Include="Header Files\obs">
      <UniqueIdentifier>{9b7057c2-8cc9-4e3d-a489-5dce4e7b6585}</UniqueIdentifier>
    </Filter>
    <Filter Include="Source Files\obs">
      <UniqueIdentifier>{c733af9d-ab5d-413f-9034-00726b57ef9c}</UniqueIdentifier>
    </Filter>
    <Filter Include="Template Files\streamdeck">
      <UniqueIdentifier>{a976d241-6cb5-45d1-8df7-081f315a81ce}</UniqueIdentifier>
    </Filter>
    <Filter Include="Source Files\common">
      <UniqueIdentifier>{d285a5de-a4f2-4cc8-87a6-87823baba3be}</UniqueIdentifier>
    </Filter>
  </ItemGroup>
  <ItemGroup>
    <ClCompile Include="source\plugin_module.cpp">
      <Filter>Source Files</Filter>
    </ClCompile>
    <ClCompile Include="source\ui\InfoDialog.cpp">
      <Filter>Source Files\ui</Filter>
    </ClCompile>
    <ClCompile Include="source\services\ApplicationService.cpp">
      <Filter>Source Files\services</Filter>
    </ClCompile>
    <ClCompile Include="source\services\Service.cpp">
      <Filter>Source Files\services</Filter>
    </ClCompile>
    <ClCompile Include="source\streamdeck\Streamdeck.cpp">
      <Filter>Source Files\streamdeck</Filter>
    </ClCompile>
    <ClCompile Include="source\streamdeck\StreamdeckManager.cpp">
      <Filter>Source Files\streamdeck</Filter>
    </ClCompile>
    <ClCompile Include="source\services\StreamingService.cpp">
      <Filter>Source Files\services</Filter>
    </ClCompile>
    <ClCompile Include="source\services\RecordingService.cpp">
      <Filter>Source Files\services</Filter>
    </ClCompile>
    <ClCompile Include="source\obs\Collection.cpp">
      <Filter>Source Files\obs</Filter>
    </ClCompile>
    <ClCompile Include="source\obs\Scene.cpp">
      <Filter>Source Files\obs</Filter>
    </ClCompile>
    <ClCompile Include="source\obs\Item.cpp">
      <Filter>Source Files\obs</Filter>
    </ClCompile>
    <ClCompile Include="source\services\CollectionsService.cpp">
      <Filter>Source Files\services</Filter>
    </ClCompile>
    <ClCompile Include="source\services\ScenesService.cpp">
      <Filter>Source Files\services</Filter>
    </ClCompile>
    <ClCompile Include="source\common\Logger.cpp">
      <Filter>Source Files\common</Filter>
    </ClCompile>
  </ItemGroup>
  <ItemGroup>
    <ClInclude Include="resource.h">
      <Filter>Generated Files</Filter>
    </ClInclude>
    <ClInclude Include="include\global.h">
      <Filter>Header Files</Filter>
    </ClInclude>
    <ClInclude Include="include\services\Service.hpp">
      <Filter>Header Files\services</Filter>
    </ClInclude>
    <ClInclude Include="include\services\ApplicationService.hpp">
      <Filter>Header Files\services</Filter>
    </ClInclude>
    <ClInclude Include="include\events\EventObservable.hpp">
      <Filter>Header Files\events</Filter>
    </ClInclude>
    <ClInclude Include="include\events\EventObserver.hpp">
      <Filter>Header Files\events</Filter>
    </ClInclude>
    <ClInclude Include="include\common\SharedVariables.hpp">
      <Filter>Header Files\common</Filter>
    </ClInclude>
    <ClInclude Include="include\common\SharedVariablesManager.hpp">
      <Filter>Header Files\common</Filter>
    </ClInclude>
    <ClInclude Include="include\common\Logger.hpp">
      <Filter>Header Files\common</Filter>
    </ClInclude>
    <ClInclude Include="include\services\StreamingService.hpp">
      <Filter>Header Files\services</Filter>
    </ClInclude>
    <ClInclude Include="include\services\RecordingService.hpp">
      <Filter>Header Files\services</Filter>
    </ClInclude>
    <ClInclude Include="include\obs\Collection.hpp">
      <Filter>Header Files\obs</Filter>
    </ClInclude>
    <ClInclude Include="include\obs\Scene.hpp">
      <Filter>Header Files\obs</Filter>
    </ClInclude>
    <ClInclude Include="include\obs\Item.hpp">
      <Filter>Header Files\obs</Filter>
    </ClInclude>
    <ClInclude Include="include\services\CollectionsService.hpp">
      <Filter>Header Files\services</Filter>
    </ClInclude>
    <ClInclude Include="include\services\ScenesService.hpp">
      <Filter>Header Files\services</Filter>
    </ClInclude>
  </ItemGroup>
  <ItemGroup>
    <CustomBuild Include="debug\moc_predefs.h.cbt">
      <Filter>Generated Files</Filter>
    </CustomBuild>
    <CustomBuild Include="release\moc_predefs.h.cbt">
      <Filter>Generated Files</Filter>
    </CustomBuild>
    <ClInclude Include="ui_infodialog.h">
      <Filter>Generated Files</Filter>
    </ClInclude>
  </ItemGroup>
  <ItemGroup>
    <CustomBuild Include="infodialog.ui">
      <Filter>Form Files</Filter>
    </CustomBuild>
  </ItemGroup>
  <ItemGroup>
    <ResourceCompile Include=".\StreamDeckPlugin_resource.rc" />
  </ItemGroup>
  <ItemGroup>
    <QtMoc Include="include\ui\InfoDialog.h">
      <Filter>Header Files\ui</Filter>
    </QtMoc>
    <QtMoc Include="include\streamdeck\StreamdeckManager.hpp">
      <Filter>Header Files\streamdeck</Filter>
    </QtMoc>
    <QtMoc Include="include\streamdeck\Streamdeck.hpp">
      <Filter>Header Files\streamdeck</Filter>
    </QtMoc>
  </ItemGroup>
  <ItemGroup>
    <None Include="template\events\EventObservable.tpp">
      <Filter>Template Files\events</Filter>
    </None>
    <None Include="template\events\EventObserver.tpp">
      <Filter>Template Files\events</Filter>
    </None>
    <None Include="template\events\SafeEventObservable.tpp">
      <Filter>Template Files\events</Filter>
    </None>
    <None Include="template\events\UnsafeEventObservable.tpp">
      <Filter>Template Files\events</Filter>
    </None>
    <None Include="template\services\Service.tpp">
      <Filter>Template Files\services</Filter>
    </None>
    <None Include="template\streamdeck\StreamdeckManager.tpp">
      <Filter>Template Files\streamdeck</Filter>
    </None>
  </ItemGroup>
</Project>